PODS:
  - Flutter (1.0.0)
  - gms_places_api (0.0.1):
    - Flutter
    - GooglePlaces
  - GooglePlaces (5.1.0)
  - integration_test (0.0.1):
    - Flutter

DEPENDENCIES:
  - Flutter (from `Flutter`)
  - gms_places_api (from `.symlinks/plugins/gms_places_api/ios`)
  - integration_test (from `.symlinks/plugins/integration_test/ios`)

SPEC REPOS:
  trunk:
    - GooglePlaces

EXTERNAL SOURCES:
  Flutter:
    :path: Flutter
  gms_places_api:
    :path: ".symlinks/plugins/gms_places_api/ios"
  integration_test:
    :path: ".symlinks/plugins/integration_test/ios"

SPEC CHECKSUMS:
  Flutter: f04841e97a9d0b0a8025694d0796dd46242b2854
  gms_places_api: af61dbaa72884df15f57a89862f44a9fbdc3e19c
  GooglePlaces: c57cd5aa7e91d10fa5106c792de74f3bd6436260
  integration_test: 13825b8a9334a850581300559b8839134b124670

PODFILE CHECKSUM: 6b9eb94e9f98a329f2ef624b852a6e42d090af2b

COCOAPODS: 1.13.0
