PODS:
  - Flutter (1.0.0)
  - gms_places_api (0.0.1):
    - Flutter
    - GooglePlaces (= 6.0.0)
  - GooglePlaces (6.0.0)
  - integration_test (0.0.1):
    - Flutter

DEPENDENCIES:
  - Flutter (from `Flutter`)
  - gms_places_api (from `.symlinks/plugins/gms_places_api/ios`)
  - integration_test (from `.symlinks/plugins/integration_test/ios`)

SPEC REPOS:
  trunk:
    - GooglePlaces

EXTERNAL SOURCES:
  Flutter:
    :path: Flutter
  gms_places_api:
    :path: ".symlinks/plugins/gms_places_api/ios"
  integration_test:
    :path: ".symlinks/plugins/integration_test/ios"

SPEC CHECKSUMS:
  Flutter: f04841e97a9d0b0a8025694d0796dd46242b2854
  gms_places_api: 713b6f20203a22cd50c6bf3217bc4d0bb65bf367
  GooglePlaces: c97d96ae68594acb64035c9ca9f26fbfc1d23af1
  integration_test: 13825b8a9334a850581300559b8839134b124670

PODFILE CHECKSUM: 7be2f5f74864d463a8ad433546ed1de7e0f29aef

COCOAPODS: 1.13.0
